# This file is automatically @generated by Cargo.
# It is not intended for manual editing.
version = 4

[[package]]
name = "cache_simulator"
version = "0.1.0"
dependencies = [
 "getopt",
 "getopts",
]

[[package]]
name = "getopt"
version = "1.1.9"
source = "registry+https://github.com/rust-lang/crates.io-index"
checksum = "66eb69f29cb9773ca399122b247020f929dde18de809a27b0250be02bbf9fa5e"

[[package]]
name = "getopts"
version = "0.2.24"
source = "registry+https://github.com/rust-lang/crates.io-index"
checksum = "cfe4fbac503b8d1f88e6676011885f34b7174f46e59956bba534ba83abded4df"
dependencies = [
 "unicode-width",
]

[[package]]
name = "unicode-width"
version = "0.2.2"
source = "registry+https://github.com/rust-lang/crates.io-index"
checksum = "b4ac048d71ede7ee76d585517add45da530660ef4390e49b098733c6e897f254"
